{
  "name": "schemainfer.js",
  "version": "0.1.0",
  "lockfileVersion": 2,
  "requires": true,
  "packages": {
    "": {
      "name": "schemainfer.js",
      "version": "0.1.0",
      "license": "MIT",
      "dependencies": {
        "jsonjevko.js": "github:jevko/jsonjevko.js#semver:"
      },
      "devDependencies": {
        "jevkoutils.js": "github:jevko/jevkoutils.js#semver:0.1.2",
        "parsejevko.js": "github:jevko/parsejevko.js#semver:0.1.3"
      }
    },
    "node_modules/jevkoutils.js": {
      "version": "0.1.2",
      "resolved": "git+ssh://git@github.com/jevko/jevkoutils.js.git#ccfe636775468a00aefbfd37428f9adbbf07026b",
      "dev": true,
      "license": "MIT"
    },
    "node_modules/jsonjevko.js": {
      "version": "0.1.0",
      "resolved": "git+ssh://git@github.com/jevko/jsonjevko.js.git#2d4612155c8ef50e8120f71d05676d47d457b9da",
      "license": "MIT"
    },
    "node_modules/parsejevko.js": {
      "version": "0.1.3",
      "resolved": "git+ssh://git@github.com/jevko/parsejevko.js.git#1479629bedcafeb6dddb3302a3f2bbaacd0f1ae0",
      "dev": true,
      "license": "MIT"
    }
  },
  "dependencies": {
    "jevkoutils.js": {
      "version": "git+ssh://git@github.com/jevko/jevkoutils.js.git#ccfe636775468a00aefbfd37428f9adbbf07026b",
      "dev": true,
      "from": "jevkoutils.js@github:jevko/jevkoutils.js#semver:0.1.2"
    },
    "jsonjevko.js": {
      "version": "git+ssh://git@github.com/jevko/jsonjevko.js.git#2d4612155c8ef50e8120f71d05676d47d457b9da",
      "from": "jsonjevko.js@jevko/jsonjevko.js#semver:"
    },
    "parsejevko.js": {
      "version": "git+ssh://git@github.com/jevko/parsejevko.js.git#1479629bedcafeb6dddb3302a3f2bbaacd0f1ae0",
      "dev": true,
      "from": "parsejevko.js@github:jevko/parsejevko.js#semver:0.1.3"
    }
  }
}
