{
  "name": "@jevko/schemainfer.js",
  "lockfileVersion": 2,
  "requires": true,
  "packages": {
    "": {
      "devDependencies": {
        "jevkoutils.js": "github:jevko/jevkoutils.js#semver:",
        "parsejevko.js": "github:jevko/parsejevko.js#semver:0.1.3"
      }
    },
    "node_modules/jevkoutils.js": {
      "version": "0.1.2",
      "resolved": "git+ssh://git@github.com/jevko/jevkoutils.js.git#ccfe636775468a00aefbfd37428f9adbbf07026b",
      "dev": true,
      "license": "MIT"
    },
    "node_modules/parsejevko.js": {
      "version": "0.1.3",
      "resolved": "git+ssh://git@github.com/jevko/parsejevko.js.git#1479629bedcafeb6dddb3302a3f2bbaacd0f1ae0",
      "dev": true,
      "license": "MIT"
    }
  },
  "dependencies": {
    "jevkoutils.js": {
      "version": "git+ssh://git@github.com/jevko/jevkoutils.js.git#ccfe636775468a00aefbfd37428f9adbbf07026b",
      "dev": true,
      "from": "jevkoutils.js@jevko/jevkoutils.js#semver:"
    },
    "parsejevko.js": {
      "version": "git+ssh://git@github.com/jevko/parsejevko.js.git#1479629bedcafeb6dddb3302a3f2bbaacd0f1ae0",
      "dev": true,
      "from": "parsejevko.js@github:jevko/parsejevko.js#semver:0.1.3"
    }
  }
}
